
Microsoft Visual Studio Solution File, Format Version 12.00
# Visual Studio Version 17
VisualStudioVersion = 17.0.31903.59
MinimumVisualStudioVersion = 10.0.40219.1
Project("{FAE04EC0-301F-11D3-BF4B-00C04F79EFBC}") = "Akka.Analyzers", "src\Akka.Analyzers\Akka.Analyzers.csproj", "{C9D5BDA8-E4AF-4A83-948B-C1010A5592CE}"
EndProject
Project("{2150E333-8FDC-42A3-9474-1A3956D46DE8}") = "build", "build", "{B67B6FBE-1946-404D-BE35-462B6EEAF1E2}"
	ProjectSection(SolutionItems) = preProject
		Directory.Build.props = Directory.Build.props
		Directory.Packages.props = Directory.Packages.props
		global.json = global.json
		nuget.config = nuget.config
	EndProjectSection
EndProject
Project("{FAE04EC0-301F-11D3-BF4B-00C04F79EFBC}") = "Akka.Analyzers.Tests", "src\Akka.Analyzers.Tests\Akka.Analyzers.Tests.csproj", "{21D3D1DE-CC6D-435C-B025-FB232D3D1A6D}"
EndProject
Project("{FAE04EC0-301F-11D3-BF4B-00C04F79EFBC}") = "Akka.Analyzers.Fixes", "src\Akka.Analyzers.Fixes\Akka.Analyzers.Fixes.csproj", "{A8F9F390-DFF9-4041-A515-7AFE1EB127B8}"
EndProject
Global
	GlobalSection(SolutionConfigurationPlatforms) = preSolution
		Debug|Any CPU = Debug|Any CPU
		Release|Any CPU = Release|Any CPU
	EndGlobalSection
	GlobalSection(SolutionProperties) = preSolution
		HideSolutionNode = FALSE
	EndGlobalSection
	GlobalSection(ProjectConfigurationPlatforms) = postSolution
		{C9D5BDA8-E4AF-4A83-948B-C1010A5592CE}.Debug|Any CPU.ActiveCfg = Debug|Any CPU
		{C9D5BDA8-E4AF-4A83-948B-C1010A5592CE}.Debug|Any CPU.Build.0 = Debug|Any CPU
		{C9D5BDA8-E4AF-4A83-948B-C1010A5592CE}.Release|Any CPU.ActiveCfg = Release|Any CPU
		{C9D5BDA8-E4AF-4A83-948B-C1010A5592CE}.Release|Any CPU.Build.0 = Release|Any CPU
		{21D3D1DE-CC6D-435C-B025-FB232D3D1A6D}.Debug|Any CPU.ActiveCfg = Debug|Any CPU
		{21D3D1DE-CC6D-435C-B025-FB232D3D1A6D}.Debug|Any CPU.Build.0 = Debug|Any CPU
		{21D3D1DE-CC6D-435C-B025-FB232D3D1A6D}.Release|Any CPU.ActiveCfg = Release|Any CPU
		{21D3D1DE-CC6D-435C-B025-FB232D3D1A6D}.Release|Any CPU.Build.0 = Release|Any CPU
		{A8F9F390-DFF9-4041-A515-7AFE1EB127B8}.Debug|Any CPU.ActiveCfg = Debug|Any CPU
		{A8F9F390-DFF9-4041-A515-7AFE1EB127B8}.Debug|Any CPU.Build.0 = Debug|Any CPU
		{A8F9F390-DFF9-4041-A515-7AFE1EB127B8}.Release|Any CPU.ActiveCfg = Release|Any CPU
		{A8F9F390-DFF9-4041-A515-7AFE1EB127B8}.Release|Any CPU.Build.0 = Release|Any CPU
	EndGlobalSection
EndGlobal
