
Microsoft Visual Studio Solution File, Format Version 12.00
# Visual Studio Version 17
VisualStudioVersion = 17.0.31903.59
MinimumVisualStudioVersion = 10.0.40219.1
Project("{FAE04EC0-301F-11D3-BF4B-00C04F79EFBC}") = "Akka.Analyzers", "src\Akka.Analyzers\Akka.Analyzers.csproj", "{C9D5BDA8-E4AF-4A83-948B-C1010A5592CE}"
EndProject
Project("{2150E333-8FDC-42A3-9474-1A3956D46DE8}") = "build", "build", "{B67B6FBE-1946-404D-BE35-462B6EEAF1E2}"
	ProjectSection(SolutionItems) = preProject
		Directory.Build.props = Directory.Build.props
		Directory.Packages.props = Directory.Packages.props
		global.json = global.json
		nuget.config = nuget.config
	EndProjectSection
EndProject
Project("{FAE04EC0-301F-11D3-BF4B-00C04F79EFBC}") = "Akka.Analyzers.Tests", "src\Akka.Analyzers.Tests\Akka.Analyzers.Tests.csproj", "{21D3D1DE-CC6D-435C-B025-FB232D3D1A6D}"
EndProject
Project("{FAE04EC0-301F-11D3-BF4B-00C04F79EFBC}") = "Akka.Analyzers.Fixes", "src\Akka.Analyzers.Fixes\Akka.Analyzers.Fixes.csproj", "{A8F9F390-DFF9-4041-A515-7AFE1EB127B8}"
EndProject
Project("{FAE04EC0-301F-11D3-BF4B-00C04F79EFBC}") = "Akka.Analyzers.NuGet", "src\Akka.Analyzers.NuGet\Akka.Analyzers.NuGet.csproj", "{48DD55F0-1E83-4EA2-B2E6-A2EBE7EAC9A4}"
EndProject
Project("{FAE04EC0-301F-11D3-BF4B-00C04F79EFBC}") = "Akka.Analyzers.Roslyn311", "src\Akka.Analyzers.Roslyn311\Akka.Analyzers.Roslyn311.csproj", "{AC236C92-762A-4F43-9A92-683D81AF6BA4}"
EndProject
Project("{FAE04EC0-301F-11D3-BF4B-00C04F79EFBC}") = "Akka.Analyzers.Fixes.Roslyn311", "src\Akka.Analyzers.Fixes.Roslyn311\Akka.Analyzers.Fixes.Roslyn311.csproj", "{1C7E113D-4700-4DAB-9EC1-D3BE21E6CBCD}"
EndProject
Project("{2150E333-8FDC-42A3-9474-1A3956D46DE8}") = "Roslyn 3.11", "Roslyn 3.11", "{FF127ED4-CA50-445C-A533-0D36899966E6}"
EndProject
Project("{FAE04EC0-301F-11D3-BF4B-00C04F79EFBC}") = "Akka.Analyzers.Tests.Roslyn311", "src\Akka.Analyzers.Tests.Roslyn311\Akka.Analyzers.Tests.Roslyn311.csproj", "{43BB2D31-2A21-4946-A4A1-AC198B22956A}"
EndProject
Project("{2150E333-8FDC-42A3-9474-1A3956D46DE8}") = "Roslyn 4.4", "Roslyn 4.4", "{D8291026-A8A5-40F9-B22C-493962616192}"
EndProject
Project("{FAE04EC0-301F-11D3-BF4B-00C04F79EFBC}") = "Akka.Analyzers.Roslyn44", "src\Akka.Analyzers.Roslyn44\Akka.Analyzers.Roslyn44.csproj", "{C3030644-1F58-4091-99C5-460BEDF164FD}"
EndProject
Project("{FAE04EC0-301F-11D3-BF4B-00C04F79EFBC}") = "Akka.Analyzers.Fixes.Roslyn44", "src\Akka.Analyzers.Fixes.Roslyn44\Akka.Analyzers.Fixes.Roslyn44.csproj", "{95C34A93-29D3-4B89-954E-F5AAF2331A0D}"
EndProject
Project("{FAE04EC0-301F-11D3-BF4B-00C04F79EFBC}") = "Akka.Analyzers.Tests.Roslyn44", "src\Akka.Analyzers.Tests.Roslyn44\Akka.Analyzers.Tests.Roslyn44.csproj", "{28063452-F29F-4762-B6C9-95019330262A}"
EndProject
Global
	GlobalSection(SolutionConfigurationPlatforms) = preSolution
		Debug|Any CPU = Debug|Any CPU
		Release|Any CPU = Release|Any CPU
	EndGlobalSection
	GlobalSection(SolutionProperties) = preSolution
		HideSolutionNode = FALSE
	EndGlobalSection
	GlobalSection(ProjectConfigurationPlatforms) = postSolution
		{C9D5BDA8-E4AF-4A83-948B-C1010A5592CE}.Debug|Any CPU.ActiveCfg = Debug|Any CPU
		{C9D5BDA8-E4AF-4A83-948B-C1010A5592CE}.Debug|Any CPU.Build.0 = Debug|Any CPU
		{C9D5BDA8-E4AF-4A83-948B-C1010A5592CE}.Release|Any CPU.ActiveCfg = Release|Any CPU
		{C9D5BDA8-E4AF-4A83-948B-C1010A5592CE}.Release|Any CPU.Build.0 = Release|Any CPU
		{21D3D1DE-CC6D-435C-B025-FB232D3D1A6D}.Debug|Any CPU.ActiveCfg = Debug|Any CPU
		{21D3D1DE-CC6D-435C-B025-FB232D3D1A6D}.Debug|Any CPU.Build.0 = Debug|Any CPU
		{21D3D1DE-CC6D-435C-B025-FB232D3D1A6D}.Release|Any CPU.ActiveCfg = Release|Any CPU
		{21D3D1DE-CC6D-435C-B025-FB232D3D1A6D}.Release|Any CPU.Build.0 = Release|Any CPU
		{A8F9F390-DFF9-4041-A515-7AFE1EB127B8}.Debug|Any CPU.ActiveCfg = Debug|Any CPU
		{A8F9F390-DFF9-4041-A515-7AFE1EB127B8}.Debug|Any CPU.Build.0 = Debug|Any CPU
		{A8F9F390-DFF9-4041-A515-7AFE1EB127B8}.Release|Any CPU.ActiveCfg = Release|Any CPU
		{A8F9F390-DFF9-4041-A515-7AFE1EB127B8}.Release|Any CPU.Build.0 = Release|Any CPU
		{48DD55F0-1E83-4EA2-B2E6-A2EBE7EAC9A4}.Debug|Any CPU.ActiveCfg = Debug|Any CPU
		{48DD55F0-1E83-4EA2-B2E6-A2EBE7EAC9A4}.Debug|Any CPU.Build.0 = Debug|Any CPU
		{48DD55F0-1E83-4EA2-B2E6-A2EBE7EAC9A4}.Release|Any CPU.ActiveCfg = Release|Any CPU
		{48DD55F0-1E83-4EA2-B2E6-A2EBE7EAC9A4}.Release|Any CPU.Build.0 = Release|Any CPU
		{AC236C92-762A-4F43-9A92-683D81AF6BA4}.Debug|Any CPU.ActiveCfg = Debug|Any CPU
		{AC236C92-762A-4F43-9A92-683D81AF6BA4}.Debug|Any CPU.Build.0 = Debug|Any CPU
		{AC236C92-762A-4F43-9A92-683D81AF6BA4}.Release|Any CPU.ActiveCfg = Release|Any CPU
		{AC236C92-762A-4F43-9A92-683D81AF6BA4}.Release|Any CPU.Build.0 = Release|Any CPU
		{1C7E113D-4700-4DAB-9EC1-D3BE21E6CBCD}.Debug|Any CPU.ActiveCfg = Debug|Any CPU
		{1C7E113D-4700-4DAB-9EC1-D3BE21E6CBCD}.Debug|Any CPU.Build.0 = Debug|Any CPU
		{1C7E113D-4700-4DAB-9EC1-D3BE21E6CBCD}.Release|Any CPU.ActiveCfg = Release|Any CPU
		{1C7E113D-4700-4DAB-9EC1-D3BE21E6CBCD}.Release|Any CPU.Build.0 = Release|Any CPU
		{43BB2D31-2A21-4946-A4A1-AC198B22956A}.Debug|Any CPU.ActiveCfg = Debug|Any CPU
		{43BB2D31-2A21-4946-A4A1-AC198B22956A}.Debug|Any CPU.Build.0 = Debug|Any CPU
		{43BB2D31-2A21-4946-A4A1-AC198B22956A}.Release|Any CPU.ActiveCfg = Release|Any CPU
		{43BB2D31-2A21-4946-A4A1-AC198B22956A}.Release|Any CPU.Build.0 = Release|Any CPU
		{C3030644-1F58-4091-99C5-460BEDF164FD}.Debug|Any CPU.ActiveCfg = Debug|Any CPU
		{C3030644-1F58-4091-99C5-460BEDF164FD}.Debug|Any CPU.Build.0 = Debug|Any CPU
		{C3030644-1F58-4091-99C5-460BEDF164FD}.Release|Any CPU.ActiveCfg = Release|Any CPU
		{C3030644-1F58-4091-99C5-460BEDF164FD}.Release|Any CPU.Build.0 = Release|Any CPU
		{95C34A93-29D3-4B89-954E-F5AAF2331A0D}.Debug|Any CPU.ActiveCfg = Debug|Any CPU
		{95C34A93-29D3-4B89-954E-F5AAF2331A0D}.Debug|Any CPU.Build.0 = Debug|Any CPU
		{95C34A93-29D3-4B89-954E-F5AAF2331A0D}.Release|Any CPU.ActiveCfg = Release|Any CPU
		{95C34A93-29D3-4B89-954E-F5AAF2331A0D}.Release|Any CPU.Build.0 = Release|Any CPU
		{28063452-F29F-4762-B6C9-95019330262A}.Debug|Any CPU.ActiveCfg = Debug|Any CPU
		{28063452-F29F-4762-B6C9-95019330262A}.Debug|Any CPU.Build.0 = Debug|Any CPU
		{28063452-F29F-4762-B6C9-95019330262A}.Release|Any CPU.ActiveCfg = Release|Any CPU
		{28063452-F29F-4762-B6C9-95019330262A}.Release|Any CPU.Build.0 = Release|Any CPU
	EndGlobalSection
	GlobalSection(NestedProjects) = preSolution
		{1C7E113D-4700-4DAB-9EC1-D3BE21E6CBCD} = {FF127ED4-CA50-445C-A533-0D36899966E6}
		{AC236C92-762A-4F43-9A92-683D81AF6BA4} = {FF127ED4-CA50-445C-A533-0D36899966E6}
		{43BB2D31-2A21-4946-A4A1-AC198B22956A} = {FF127ED4-CA50-445C-A533-0D36899966E6}
		{C3030644-1F58-4091-99C5-460BEDF164FD} = {D8291026-A8A5-40F9-B22C-493962616192}
		{95C34A93-29D3-4B89-954E-F5AAF2331A0D} = {D8291026-A8A5-40F9-B22C-493962616192}
		{28063452-F29F-4762-B6C9-95019330262A} = {D8291026-A8A5-40F9-B22C-493962616192}
	EndGlobalSection
EndGlobal
